// !$*UTF8*$!
{
	archiveVersion = 1;
	classes = {
	};
	objectVersion = 50;
	objects = {

/* Begin PBXBuildFile section */
		3F2B18CA2447EBB9006204A4 /* Weapon.swift in Sources */ = {isa = PBXBuildFile; fileRef = 3F2B18C92447EBB9006204A4 /* Weapon.swift */; };
		3F2B18CC2448189E006204A4 /* Sword.swift in Sources */ = {isa = PBXBuildFile; fileRef = 3F2B18CB2448189E006204A4 /* Sword.swift */; };
		3F2B18D1244818E8006204A4 /* Spear.swift in Sources */ = {isa = PBXBuildFile; fileRef = 3F2B18D0244818E8006204A4 /* Spear.swift */; };
		3F2B18D324481900006204A4 /* Mace.swift in Sources */ = {isa = PBXBuildFile; fileRef = 3F2B18D224481900006204A4 /* Mace.swift */; };
		3F2B18D52448190C006204A4 /* Dagger.swift in Sources */ = {isa = PBXBuildFile; fileRef = 3F2B18D42448190C006204A4 /* Dagger.swift */; };
		3F2B18D724481937006204A4 /* Bow.swift in Sources */ = {isa = PBXBuildFile; fileRef = 3F2B18D624481937006204A4 /* Bow.swift */; };
		3F2B18D9244819C0006204A4 /* Dirk.swift in Sources */ = {isa = PBXBuildFile; fileRef = 3F2B18D8244819C0006204A4 /* Dirk.swift */; };
		3FC9084B23C8379500434A64 /* GameManager.swift in Sources */ = {isa = PBXBuildFile; fileRef = 3FC9084A23C8379500434A64 /* GameManager.swift */; };
		3FC9084D23CE554300434A64 /* Player.swift in Sources */ = {isa = PBXBuildFile; fileRef = 3FC9084C23CE554300434A64 /* Player.swift */; };
		3FE31DAD23C32483008DBFBC /* main.swift in Sources */ = {isa = PBXBuildFile; fileRef = 3FE31DAC23C32483008DBFBC /* main.swift */; };
		3FE31DB423C324B0008DBFBC /* Warrior.swift in Sources */ = {isa = PBXBuildFile; fileRef = 3FE31DB323C324B0008DBFBC /* Warrior.swift */; };
		3FEA4CA923D76DBB0007060D /* Mage.swift in Sources */ = {isa = PBXBuildFile; fileRef = 3FEA4CA823D76DBB0007060D /* Mage.swift */; };
		3FEA4CAB23D76E1D0007060D /* Knight.swift in Sources */ = {isa = PBXBuildFile; fileRef = 3FEA4CAA23D76E1D0007060D /* Knight.swift */; };
		3FEA4CAD23D7740B0007060D /* Archer.swift in Sources */ = {isa = PBXBuildFile; fileRef = 3FEA4CAC23D7740B0007060D /* Archer.swift */; };
		3FEA4CAF23D7753B0007060D /* Hobbit.swift in Sources */ = {isa = PBXBuildFile; fileRef = 3FEA4CAE23D7753B0007060D /* Hobbit.swift */; };
		3FEA4CB123D776200007060D /* Cavalier.swift in Sources */ = {isa = PBXBuildFile; fileRef = 3FEA4CB023D776200007060D /* Cavalier.swift */; };
		3FEA4CB323D7769D0007060D /* Werewolf.swift in Sources */ = {isa = PBXBuildFile; fileRef = 3FEA4CB223D7769D0007060D /* Werewolf.swift */; };
/* End PBXBuildFile section */

/* Begin PBXCopyFilesBuildPhase section */
		3FE31DA723C32483008DBFBC /* CopyFiles */ = {
			isa = PBXCopyFilesBuildPhase;
			buildActionMask = 2147483647;
			dstPath = /usr/share/man/man1/;
			dstSubfolderSpec = 0;
			files = (
			);
			runOnlyForDeploymentPostprocessing = 1;
		};
/* End PBXCopyFilesBuildPhase section */

/* Begin PBXFileReference section */
		3F2B18C92447EBB9006204A4 /* Weapon.swift */ = {isa = PBXFileReference; lastKnownFileType = sourcecode.swift; path = Weapon.swift; sourceTree = "<group>"; };
		3F2B18CB2448189E006204A4 /* Sword.swift */ = {isa = PBXFileReference; lastKnownFileType = sourcecode.swift; path = Sword.swift; sourceTree = "<group>"; };
		3F2B18D0244818E8006204A4 /* Spear.swift */ = {isa = PBXFileReference; lastKnownFileType = sourcecode.swift; path = Spear.swift; sourceTree = "<group>"; };
		3F2B18D224481900006204A4 /* Mace.swift */ = {isa = PBXFileReference; lastKnownFileType = sourcecode.swift; path = Mace.swift; sourceTree = "<group>"; };
		3F2B18D42448190C006204A4 /* Dagger.swift */ = {isa = PBXFileReference; lastKnownFileType = sourcecode.swift; path = Dagger.swift; sourceTree = "<group>"; };
		3F2B18D624481937006204A4 /* Bow.swift */ = {isa = PBXFileReference; lastKnownFileType = sourcecode.swift; path = Bow.swift; sourceTree = "<group>"; };
		3F2B18D8244819C0006204A4 /* Dirk.swift */ = {isa = PBXFileReference; lastKnownFileType = sourcecode.swift; path = Dirk.swift; sourceTree = "<group>"; };
		3FC9084A23C8379500434A64 /* GameManager.swift */ = {isa = PBXFileReference; lastKnownFileType = sourcecode.swift; path = GameManager.swift; sourceTree = "<group>"; };
		3FC9084C23CE554300434A64 /* Player.swift */ = {isa = PBXFileReference; lastKnownFileType = sourcecode.swift; path = Player.swift; sourceTree = "<group>"; };
		3FE31DA923C32483008DBFBC /* warrior */ = {isa = PBXFileReference; explicitFileType = "compiled.mach-o.executable"; includeInIndex = 0; path = warrior; sourceTree = BUILT_PRODUCTS_DIR; };
		3FE31DAC23C32483008DBFBC /* main.swift */ = {isa = PBXFileReference; lastKnownFileType = sourcecode.swift; path = main.swift; sourceTree = "<group>"; };
		3FE31DB323C324B0008DBFBC /* Warrior.swift */ = {isa = PBXFileReference; lastKnownFileType = sourcecode.swift; path = Warrior.swift; sourceTree = "<group>"; };
		3FEA4CA823D76DBB0007060D /* Mage.swift */ = {isa = PBXFileReference; lastKnownFileType = sourcecode.swift; path = Mage.swift; sourceTree = "<group>"; };
		3FEA4CAA23D76E1D0007060D /* Knight.swift */ = {isa = PBXFileReference; lastKnownFileType = sourcecode.swift; path = Knight.swift; sourceTree = "<group>"; };
		3FEA4CAC23D7740B0007060D /* Archer.swift */ = {isa = PBXFileReference; lastKnownFileType = sourcecode.swift; path = Archer.swift; sourceTree = "<group>"; };
		3FEA4CAE23D7753B0007060D /* Hobbit.swift */ = {isa = PBXFileReference; lastKnownFileType = sourcecode.swift; path = Hobbit.swift; sourceTree = "<group>"; };
		3FEA4CB023D776200007060D /* Cavalier.swift */ = {isa = PBXFileReference; lastKnownFileType = sourcecode.swift; path = Cavalier.swift; sourceTree = "<group>"; };
		3FEA4CB223D7769D0007060D /* Werewolf.swift */ = {isa = PBXFileReference; lastKnownFileType = sourcecode.swift; path = Werewolf.swift; sourceTree = "<group>"; };
/* End PBXFileReference section */

/* Begin PBXFrameworksBuildPhase section */
		3FE31DA623C32483008DBFBC /* Frameworks */ = {
			isa = PBXFrameworksBuildPhase;
			buildActionMask = 2147483647;
			files = (
			);
			runOnlyForDeploymentPostprocessing = 0;
		};
/* End PBXFrameworksBuildPhase section */

/* Begin PBXGroup section */
		3F2B18CD244818A3006204A4 /* Weapons */ = {
			isa = PBXGroup;
			children = (
				3F2B18C92447EBB9006204A4 /* Weapon.swift */,
				3F2B18CE244818B6006204A4 /* Subclasses */,
			);
			path = Weapons;
			sourceTree = "<group>";
		};
		3F2B18CE244818B6006204A4 /* Subclasses */ = {
			isa = PBXGroup;
			children = (
				3F2B18CB2448189E006204A4 /* Sword.swift */,
				3F2B18D0244818E8006204A4 /* Spear.swift */,
				3F2B18D8244819C0006204A4 /* Dirk.swift */,
				3F2B18D224481900006204A4 /* Mace.swift */,
				3F2B18D624481937006204A4 /* Bow.swift */,
				3F2B18D42448190C006204A4 /* Dagger.swift */,
			);
			path = Subclasses;
			sourceTree = "<group>";
		};
		3FE31DA023C32483008DBFBC = {
			isa = PBXGroup;
			children = (
				3FE31DAB23C32483008DBFBC /* warrior */,
				3FE31DAA23C32483008DBFBC /* Products */,
			);
			sourceTree = "<group>";
		};
		3FE31DAA23C32483008DBFBC /* Products */ = {
			isa = PBXGroup;
			children = (
				3FE31DA923C32483008DBFBC /* warrior */,
			);
			name = Products;
			sourceTree = "<group>";
		};
		3FE31DAB23C32483008DBFBC /* warrior */ = {
			isa = PBXGroup;
			children = (
				3FE31DAC23C32483008DBFBC /* main.swift */,
				3FC9084A23C8379500434A64 /* GameManager.swift */,
				3FC9084C23CE554300434A64 /* Player.swift */,
				3F2B18CD244818A3006204A4 /* Weapons */,
				3FEA4CB423D785D20007060D /* Warriors */,
			);
			path = warrior;
			sourceTree = "<group>";
		};
		3FEA4CB423D785D20007060D /* Warriors */ = {
			isa = PBXGroup;
			children = (
				3FE31DB323C324B0008DBFBC /* Warrior.swift */,
				3FEA4CB523D785FC0007060D /* Subclasses */,
			);
			path = Warriors;
			sourceTree = "<group>";
		};
		3FEA4CB523D785FC0007060D /* Subclasses */ = {
			isa = PBXGroup;
			children = (
				3FEA4CA823D76DBB0007060D /* Mage.swift */,
				3FEA4CAA23D76E1D0007060D /* Knight.swift */,
				3FEA4CAC23D7740B0007060D /* Archer.swift */,
				3FEA4CAE23D7753B0007060D /* Hobbit.swift */,
				3FEA4CB023D776200007060D /* Cavalier.swift */,
				3FEA4CB223D7769D0007060D /* Werewolf.swift */,
			);
			path = Subclasses;
			sourceTree = "<group>";
		};
/* End PBXGroup section */

/* Begin PBXNativeTarget section */
		3FE31DA823C32483008DBFBC /* warrior */ = {
			isa = PBXNativeTarget;
			buildConfigurationList = 3FE31DB023C32483008DBFBC /* Build configuration list for PBXNativeTarget "warrior" */;
			buildPhases = (
				3FE31DA523C32483008DBFBC /* Sources */,
				3FE31DA623C32483008DBFBC /* Frameworks */,
				3FE31DA723C32483008DBFBC /* CopyFiles */,
			);
			buildRules = (
			);
			dependencies = (
			);
			name = warrior;
			productName = warrior;
			productReference = 3FE31DA923C32483008DBFBC /* warrior */;
			productType = "com.apple.product-type.tool";
		};
/* End PBXNativeTarget section */

/* Begin PBXProject section */
		3FE31DA123C32483008DBFBC /* Project object */ = {
			isa = PBXProject;
			attributes = {
				LastSwiftUpdateCheck = 1130;
				LastUpgradeCheck = 1130;
				ORGANIZATIONNAME = "Saddam Satouyev";
				TargetAttributes = {
					3FE31DA823C32483008DBFBC = {
						CreatedOnToolsVersion = 11.3;
					};
				};
			};
			buildConfigurationList = 3FE31DA423C32483008DBFBC /* Build configuration list for PBXProject "warrior" */;
			compatibilityVersion = "Xcode 9.3";
			developmentRegion = en;
			hasScannedForEncodings = 0;
			knownRegions = (
				en,
				Base,
			);
			mainGroup = 3FE31DA023C32483008DBFBC;
			productRefGroup = 3FE31DAA23C32483008DBFBC /* Products */;
			projectDirPath = "";
			projectRoot = "";
			targets = (
				3FE31DA823C32483008DBFBC /* warrior */,
			);
		};
/* End PBXProject section */

/* Begin PBXSourcesBuildPhase section */
		3FE31DA523C32483008DBFBC /* Sources */ = {
			isa = PBXSourcesBuildPhase;
			buildActionMask = 2147483647;
			files = (
				3FEA4CA923D76DBB0007060D /* Mage.swift in Sources */,
				3FC9084D23CE554300434A64 /* Player.swift in Sources */,
				3FE31DAD23C32483008DBFBC /* main.swift in Sources */,
				3F2B18D324481900006204A4 /* Mace.swift in Sources */,
				3F2B18D1244818E8006204A4 /* Spear.swift in Sources */,
				3FEA4CB123D776200007060D /* Cavalier.swift in Sources */,
				3FEA4CB323D7769D0007060D /* Werewolf.swift in Sources */,
				3F2B18CC2448189E006204A4 /* Sword.swift in Sources */,
				3FC9084B23C8379500434A64 /* GameManager.swift in Sources */,
				3F2B18CA2447EBB9006204A4 /* Weapon.swift in Sources */,
				3FEA4CAB23D76E1D0007060D /* Knight.swift in Sources */,
				3FEA4CAD23D7740B0007060D /* Archer.swift in Sources */,
				3F2B18D9244819C0006204A4 /* Dirk.swift in Sources */,
				3F2B18D724481937006204A4 /* Bow.swift in Sources */,
				3F2B18D52448190C006204A4 /* Dagger.swift in Sources */,
				3FE31DB423C324B0008DBFBC /* Warrior.swift in Sources */,
				3FEA4CAF23D7753B0007060D /* Hobbit.swift in Sources */,
			);
			runOnlyForDeploymentPostprocessing = 0;
		};
/* End PBXSourcesBuildPhase section */

/* Begin XCBuildConfiguration section */
		3FE31DAE23C32483008DBFBC /* Debug */ = {
			isa = XCBuildConfiguration;
			buildSettings = {
				ALWAYS_SEARCH_USER_PATHS = NO;
				CLANG_ANALYZER_NONNULL = YES;
				CLANG_ANALYZER_NUMBER_OBJECT_CONVERSION = YES_AGGRESSIVE;
				CLANG_CXX_LANGUAGE_STANDARD = "gnu++14";
				CLANG_CXX_LIBRARY = "libc++";
				CLANG_ENABLE_MODULES = YES;
				CLANG_ENABLE_OBJC_ARC = YES;
				CLANG_ENABLE_OBJC_WEAK = YES;
				CLANG_WARN_BLOCK_CAPTURE_AUTORELEASING = YES;
				CLANG_WARN_BOOL_CONVERSION = YES;
				CLANG_WARN_COMMA = YES;
				CLANG_WARN_CONSTANT_CONVERSION = YES;
				CLANG_WARN_DEPRECATED_OBJC_IMPLEMENTATIONS = YES;
				CLANG_WARN_DIRECT_OBJC_ISA_USAGE = YES_ERROR;
				CLANG_WARN_DOCUMENTATION_COMMENTS = YES;
				CLANG_WARN_EMPTY_BODY = YES;
				CLANG_WARN_ENUM_CONVERSION = YES;
				CLANG_WARN_INFINITE_RECURSION = YES;
				CLANG_WARN_INT_CONVERSION = YES;
				CLANG_WARN_NON_LITERAL_NULL_CONVERSION = YES;
				CLANG_WARN_OBJC_IMPLICIT_RETAIN_SELF = YES;
				CLANG_WARN_OBJC_LITERAL_CONVERSION = YES;
				CLANG_WARN_OBJC_ROOT_CLASS = YES_ERROR;
				CLANG_WARN_RANGE_LOOP_ANALYSIS = YES;
				CLANG_WARN_STRICT_PROTOTYPES = YES;
				CLANG_WARN_SUSPICIOUS_MOVE = YES;
				CLANG_WARN_UNGUARDED_AVAILABILITY = YES_AGGRESSIVE;
				CLANG_WARN_UNREACHABLE_CODE = YES;
				CLANG_WARN__DUPLICATE_METHOD_MATCH = YES;
				COPY_PHASE_STRIP = NO;
				DEBUG_INFORMATION_FORMAT = dwarf;
				ENABLE_STRICT_OBJC_MSGSEND = YES;
				ENABLE_TESTABILITY = YES;
				GCC_C_LANGUAGE_STANDARD = gnu11;
				GCC_DYNAMIC_NO_PIC = NO;
				GCC_NO_COMMON_BLOCKS = YES;
				GCC_OPTIMIZATION_LEVEL = 0;
				GCC_PREPROCESSOR_DEFINITIONS = (
					"DEBUG=1",
					"$(inherited)",
				);
				GCC_WARN_64_TO_32_BIT_CONVERSION = YES;
				GCC_WARN_ABOUT_RETURN_TYPE = YES_ERROR;
				GCC_WARN_UNDECLARED_SELECTOR = YES;
				GCC_WARN_UNINITIALIZED_AUTOS = YES_AGGRESSIVE;
				GCC_WARN_UNUSED_FUNCTION = YES;
				GCC_WARN_UNUSED_VARIABLE = YES;
				MACOSX_DEPLOYMENT_TARGET = 10.15;
				MTL_ENABLE_DEBUG_INFO = INCLUDE_SOURCE;
				MTL_FAST_MATH = YES;
				ONLY_ACTIVE_ARCH = YES;
				SDKROOT = macosx;
				SWIFT_ACTIVE_COMPILATION_CONDITIONS = DEBUG;
				SWIFT_OPTIMIZATION_LEVEL = "-Onone";
			};
			name = Debug;
		};
		3FE31DAF23C32483008DBFBC /* Release */ = {
			isa = XCBuildConfiguration;
			buildSettings = {
				ALWAYS_SEARCH_USER_PATHS = NO;
				CLANG_ANALYZER_NONNULL = YES;
				CLANG_ANALYZER_NUMBER_OBJECT_CONVERSION = YES_AGGRESSIVE;
				CLANG_CXX_LANGUAGE_STANDARD = "gnu++14";
				CLANG_CXX_LIBRARY = "libc++";
				CLANG_ENABLE_MODULES = YES;
				CLANG_ENABLE_OBJC_ARC = YES;
				CLANG_ENABLE_OBJC_WEAK = YES;
				CLANG_WARN_BLOCK_CAPTURE_AUTORELEASING = YES;
				CLANG_WARN_BOOL_CONVERSION = YES;
				CLANG_WARN_COMMA = YES;
				CLANG_WARN_CONSTANT_CONVERSION = YES;
				CLANG_WARN_DEPRECATED_OBJC_IMPLEMENTATIONS = YES;
				CLANG_WARN_DIRECT_OBJC_ISA_USAGE = YES_ERROR;
				CLANG_WARN_DOCUMENTATION_COMMENTS = YES;
				CLANG_WARN_EMPTY_BODY = YES;
				CLANG_WARN_ENUM_CONVERSION = YES;
				CLANG_WARN_INFINITE_RECURSION = YES;
				CLANG_WARN_INT_CONVERSION = YES;
				CLANG_WARN_NON_LITERAL_NULL_CONVERSION = YES;
				CLANG_WARN_OBJC_IMPLICIT_RETAIN_SELF = YES;
				CLANG_WARN_OBJC_LITERAL_CONVERSION = YES;
				CLANG_WARN_OBJC_ROOT_CLASS = YES_ERROR;
				CLANG_WARN_RANGE_LOOP_ANALYSIS = YES;
				CLANG_WARN_STRICT_PROTOTYPES = YES;
				CLANG_WARN_SUSPICIOUS_MOVE = YES;
				CLANG_WARN_UNGUARDED_AVAILABILITY = YES_AGGRESSIVE;
				CLANG_WARN_UNREACHABLE_CODE = YES;
				CLANG_WARN__DUPLICATE_METHOD_MATCH = YES;
				COPY_PHASE_STRIP = NO;
				DEBUG_INFORMATION_FORMAT = "dwarf-with-dsym";
				ENABLE_NS_ASSERTIONS = NO;
				ENABLE_STRICT_OBJC_MSGSEND = YES;
				GCC_C_LANGUAGE_STANDARD = gnu11;
				GCC_NO_COMMON_BLOCKS = YES;
				GCC_WARN_64_TO_32_BIT_CONVERSION = YES;
				GCC_WARN_ABOUT_RETURN_TYPE = YES_ERROR;
				GCC_WARN_UNDECLARED_SELECTOR = YES;
				GCC_WARN_UNINITIALIZED_AUTOS = YES_AGGRESSIVE;
				GCC_WARN_UNUSED_FUNCTION = YES;
				GCC_WARN_UNUSED_VARIABLE = YES;
				MACOSX_DEPLOYMENT_TARGET = 10.15;
				MTL_ENABLE_DEBUG_INFO = NO;
				MTL_FAST_MATH = YES;
				SDKROOT = macosx;
				SWIFT_COMPILATION_MODE = wholemodule;
				SWIFT_OPTIMIZATION_LEVEL = "-O";
			};
			name = Release;
		};
		3FE31DB123C32483008DBFBC /* Debug */ = {
			isa = XCBuildConfiguration;
			buildSettings = {
				CODE_SIGN_STYLE = Automatic;
				PRODUCT_NAME = "$(TARGET_NAME)";
				SWIFT_VERSION = 5.0;
			};
			name = Debug;
		};
		3FE31DB223C32483008DBFBC /* Release */ = {
			isa = XCBuildConfiguration;
			buildSettings = {
				CODE_SIGN_STYLE = Automatic;
				PRODUCT_NAME = "$(TARGET_NAME)";
				SWIFT_VERSION = 5.0;
			};
			name = Release;
		};
/* End XCBuildConfiguration section */

/* Begin XCConfigurationList section */
		3FE31DA423C32483008DBFBC /* Build configuration list for PBXProject "warrior" */ = {
			isa = XCConfigurationList;
			buildConfigurations = (
				3FE31DAE23C32483008DBFBC /* Debug */,
				3FE31DAF23C32483008DBFBC /* Release */,
			);
			defaultConfigurationIsVisible = 0;
			defaultConfigurationName = Release;
		};
		3FE31DB023C32483008DBFBC /* Build configuration list for PBXNativeTarget "warrior" */ = {
			isa = XCConfigurationList;
			buildConfigurations = (
				3FE31DB123C32483008DBFBC /* Debug */,
				3FE31DB223C32483008DBFBC /* Release */,
			);
			defaultConfigurationIsVisible = 0;
			defaultConfigurationName = Release;
		};
/* End XCConfigurationList section */
	};
	rootObject = 3FE31DA123C32483008DBFBC /* Project object */;
}
